// !$*UTF8*$!
{
	archiveVersion = 1;
	classes = {
	};
	objectVersion = 50;
	objects = {

/* Begin PBXBuildFile section */
		52ADE809249570B200595A42 /* AppDelegate.swift in Sources */ = {isa = PBXBuildFile; fileRef = 52ADE808249570B200595A42 /* AppDelegate.swift */; };
		52ADE80B249570B200595A42 /* SceneDelegate.swift in Sources */ = {isa = PBXBuildFile; fileRef = 52ADE80A249570B200595A42 /* SceneDelegate.swift */; };
		52ADE80E249570B200595A42 /* Neuro_Platform.xcdatamodeld in Sources */ = {isa = PBXBuildFile; fileRef = 52ADE80C249570B200595A42 /* Neuro_Platform.xcdatamodeld */; };
		52ADE810249570B200595A42 /* ContentView.swift in Sources */ = {isa = PBXBuildFile; fileRef = 52ADE80F249570B200595A42 /* ContentView.swift */; };
		52ADE812249570B400595A42 /* Assets.xcassets in Resources */ = {isa = PBXBuildFile; fileRef = 52ADE811249570B400595A42 /* Assets.xcassets */; };
		52ADE815249570B400595A42 /* Preview Assets.xcassets in Resources */ = {isa = PBXBuildFile; fileRef = 52ADE814249570B400595A42 /* Preview Assets.xcassets */; };
		52ADE818249570B400595A42 /* LaunchScreen.storyboard in Resources */ = {isa = PBXBuildFile; fileRef = 52ADE816249570B400595A42 /* LaunchScreen.storyboard */; };
		52ADE823249570B400595A42 /* Neuro_PlatformTests.swift in Sources */ = {isa = PBXBuildFile; fileRef = 52ADE822249570B400595A42 /* Neuro_PlatformTests.swift */; };
		52ADE82E249570B400595A42 /* Neuro_PlatformUITests.swift in Sources */ = {isa = PBXBuildFile; fileRef = 52ADE82D249570B400595A42 /* Neuro_PlatformUITests.swift */; };
		52CF3E9424D7610000A36B60 /* MainView.swift in Sources */ = {isa = PBXBuildFile; fileRef = 52CF3E9324D7610000A36B60 /* MainView.swift */; };
		6C7523F6264E0CBA0047A440 /* DrawingView.swift in Sources */ = {isa = PBXBuildFile; fileRef = AFA45A99249C1120003A6144 /* DrawingView.swift */; };
		9602A3C5265AC469002188E6 /* QuestionsView.swift in Sources */ = {isa = PBXBuildFile; fileRef = 9602A3C4265AC469002188E6 /* QuestionsView.swift */; };
		9602A3C8265AC582002188E6 /* test.swift in Sources */ = {isa = PBXBuildFile; fileRef = 9602A3C7265AC582002188E6 /* test.swift */; };
		9602A3CA265AC685002188E6 /* MultipleChoiceView.swift in Sources */ = {isa = PBXBuildFile; fileRef = 9602A3C9265AC685002188E6 /* MultipleChoiceView.swift */; };
		9656AB4426425BFC00A8A6B3 /* stepinstructions.json in Resources */ = {isa = PBXBuildFile; fileRef = 9656AB4326425BFC00A8A6B3 /* stepinstructions.json */; };
		966656D92658926000F3E7A4 /* TimerView.swift in Sources */ = {isa = PBXBuildFile; fileRef = 966656D32658926000F3E7A4 /* TimerView.swift */; };
		966656DA2658926000F3E7A4 /* Distractor1View.swift in Sources */ = {isa = PBXBuildFile; fileRef = 966656D42658926000F3E7A4 /* Distractor1View.swift */; };
		966656DB2658926000F3E7A4 /* Distractor2View.swift in Sources */ = {isa = PBXBuildFile; fileRef = 966656D52658926000F3E7A4 /* Distractor2View.swift */; };
		966656DD2658926000F3E7A4 /* Distractor3View.swift in Sources */ = {isa = PBXBuildFile; fileRef = 966656D72658926000F3E7A4 /* Distractor3View.swift */; };
		966656DF265893DE00F3E7A4 /* GridView.swift in Sources */ = {isa = PBXBuildFile; fileRef = 966656DE265893DE00F3E7A4 /* GridView.swift */; };
		966656E12658941900F3E7A4 /* DistractorAnswers.swift in Sources */ = {isa = PBXBuildFile; fileRef = 966656E02658941900F3E7A4 /* DistractorAnswers.swift */; };
		96D7D0F22615417E0092E77A /* stepView.swift in Sources */ = {isa = PBXBuildFile; fileRef = 96D7D0F12615417E0092E77A /* stepView.swift */; };
		96D7D0FC261550BE0092E77A /* readData.swift in Sources */ = {isa = PBXBuildFile; fileRef = 96D7D0FB261550BE0092E77A /* readData.swift */; };
		96D7D1012615513A0092E77A /* Step.swift in Sources */ = {isa = PBXBuildFile; fileRef = 96D7D1002615513A0092E77A /* Step.swift */; };
		96FDA7972643A05200184838 /* shapeView.swift in Sources */ = {isa = PBXBuildFile; fileRef = 96FDA7962643A05200184838 /* shapeView.swift */; };
		AF07AD1B253B8C8A002C61BB /* HomeView.swift in Sources */ = {isa = PBXBuildFile; fileRef = AF07AD1A253B8C8A002C61BB /* HomeView.swift */; };
		AF10991825991CDC0076A89E /* Configurations.swift in Sources */ = {isa = PBXBuildFile; fileRef = AF10991725991CDC0076A89E /* Configurations.swift */; };
		AF15515424AD44D800162800 /* DataObjects.swift in Sources */ = {isa = PBXBuildFile; fileRef = AF15515324AD44D800162800 /* DataObjects.swift */; };
		AF4CBBCC2544ADF00049C80F /* NewPatientView.swift in Sources */ = {isa = PBXBuildFile; fileRef = AF4CBBCB2544ADF00049C80F /* NewPatientView.swift */; };
		AF4EE251249BD33A00603E42 /* DrawingPad.swift in Sources */ = {isa = PBXBuildFile; fileRef = AF4EE250249BD33A00603E42 /* DrawingPad.swift */; };
		AF4EE253249BD4F800603E42 /* Drawing.swift in Sources */ = {isa = PBXBuildFile; fileRef = AF4EE252249BD4F800603E42 /* Drawing.swift */; };
		AF57DB32259FB96C005EDAB7 /* TrialsDescription.swift in Sources */ = {isa = PBXBuildFile; fileRef = AF57DB31259FB96C005EDAB7 /* TrialsDescription.swift */; };
		AF9244D824D4B46B00EEA283 /* FileManagerItemView.swift in Sources */ = {isa = PBXBuildFile; fileRef = AF9244D724D4B46B00EEA283 /* FileManagerItemView.swift */; };
		AF94D03624A8112E000EBEF4 /* CustomShapes.swift in Sources */ = {isa = PBXBuildFile; fileRef = AF94D03524A8112E000EBEF4 /* CustomShapes.swift */; };
		AFA02B1624CF944C00B74E33 /* FileHelpers.swift in Sources */ = {isa = PBXBuildFile; fileRef = AFA02B1524CF944C00B74E33 /* FileHelpers.swift */; };
		AFAE31D524D38E4400D3A27B /* FileManagerView.swift in Sources */ = {isa = PBXBuildFile; fileRef = AFAE31D424D38E4400D3A27B /* FileManagerView.swift */; };
		AFB86AF224DA0CDD007D6329 /* ViewHelpers.swift in Sources */ = {isa = PBXBuildFile; fileRef = AFB86AF124DA0CDD007D6329 /* ViewHelpers.swift */; };
		AFC37F19251FDB1E00825E5B /* TextFileView.swift in Sources */ = {isa = PBXBuildFile; fileRef = AFC37F18251FDB1E00825E5B /* TextFileView.swift */; };
		AFDD0853259AA8B1001AF7DA /* InstructionsView.swift in Sources */ = {isa = PBXBuildFile; fileRef = AFDD0852259AA8B1001AF7DA /* InstructionsView.swift */; };
		AFDD0858259AAEBA001AF7DA /* AboutAppView.swift in Sources */ = {isa = PBXBuildFile; fileRef = AFDD0857259AAEBA001AF7DA /* AboutAppView.swift */; };
		AFDFDDBC24BE74EE00EBDCA9 /* TouchCaptureViewController.swift in Sources */ = {isa = PBXBuildFile; fileRef = AFDFDDBA24BE74EE00EBDCA9 /* TouchCaptureViewController.swift */; };
		AFDFDDBD24BE74EE00EBDCA9 /* TouchCaptureViewController.xib in Resources */ = {isa = PBXBuildFile; fileRef = AFDFDDBB24BE74EE00EBDCA9 /* TouchCaptureViewController.xib */; };
		AFDFDDBF24BE771200EBDCA9 /* TouchCaptureView.swift in Sources */ = {isa = PBXBuildFile; fileRef = AFDFDDBE24BE771200EBDCA9 /* TouchCaptureView.swift */; };
		D8987F182650F10F00080476 /* Override.swift in Sources */ = {isa = PBXBuildFile; fileRef = D8987F172650F10F00080476 /* Override.swift */; };
		D8987F1A26548F7D00080476 /* stepInstructionsAlz.json in Resources */ = {isa = PBXBuildFile; fileRef = D8987F1926548F7D00080476 /* stepInstructionsAlz.json */; };
/* End PBXBuildFile section */

/* Begin PBXContainerItemProxy section */
		52ADE81F249570B400595A42 /* PBXContainerItemProxy */ = {
			isa = PBXContainerItemProxy;
			containerPortal = 52ADE7FD249570B200595A42 /* Project object */;
			proxyType = 1;
			remoteGlobalIDString = 52ADE804249570B200595A42;
			remoteInfo = "Neuro Platform";
		};
		52ADE82A249570B400595A42 /* PBXContainerItemProxy */ = {
			isa = PBXContainerItemProxy;
			containerPortal = 52ADE7FD249570B200595A42 /* Project object */;
			proxyType = 1;
			remoteGlobalIDString = 52ADE804249570B200595A42;
			remoteInfo = "Neuro Platform";
		};
/* End PBXContainerItemProxy section */

/* Begin PBXFileReference section */
		52ADE805249570B200595A42 /* Neuro Platform.app */ = {isa = PBXFileReference; explicitFileType = wrapper.application; includeInIndex = 0; path = "Neuro Platform.app"; sourceTree = BUILT_PRODUCTS_DIR; };
		52ADE808249570B200595A42 /* AppDelegate.swift */ = {isa = PBXFileReference; lastKnownFileType = sourcecode.swift; path = AppDelegate.swift; sourceTree = "<group>"; };
		52ADE80A249570B200595A42 /* SceneDelegate.swift */ = {isa = PBXFileReference; lastKnownFileType = sourcecode.swift; path = SceneDelegate.swift; sourceTree = "<group>"; };
		52ADE80D249570B200595A42 /* Neuro_Platform.xcdatamodel */ = {isa = PBXFileReference; lastKnownFileType = wrapper.xcdatamodel; path = Neuro_Platform.xcdatamodel; sourceTree = "<group>"; };
		52ADE80F249570B200595A42 /* ContentView.swift */ = {isa = PBXFileReference; lastKnownFileType = sourcecode.swift; path = ContentView.swift; sourceTree = "<group>"; };
		52ADE811249570B400595A42 /* Assets.xcassets */ = {isa = PBXFileReference; lastKnownFileType = folder.assetcatalog; path = Assets.xcassets; sourceTree = "<group>"; };
		52ADE814249570B400595A42 /* Preview Assets.xcassets */ = {isa = PBXFileReference; lastKnownFileType = folder.assetcatalog; path = "Preview Assets.xcassets"; sourceTree = "<group>"; };
		52ADE817249570B400595A42 /* Base */ = {isa = PBXFileReference; lastKnownFileType = file.storyboard; name = Base; path = Base.lproj/LaunchScreen.storyboard; sourceTree = "<group>"; };
		52ADE819249570B400595A42 /* Info.plist */ = {isa = PBXFileReference; lastKnownFileType = text.plist.xml; path = Info.plist; sourceTree = "<group>"; };
		52ADE81E249570B400595A42 /* Neuro PlatformTests.xctest */ = {isa = PBXFileReference; explicitFileType = wrapper.cfbundle; includeInIndex = 0; path = "Neuro PlatformTests.xctest"; sourceTree = BUILT_PRODUCTS_DIR; };
		52ADE822249570B400595A42 /* Neuro_PlatformTests.swift */ = {isa = PBXFileReference; lastKnownFileType = sourcecode.swift; path = Neuro_PlatformTests.swift; sourceTree = "<group>"; };
		52ADE824249570B400595A42 /* Info.plist */ = {isa = PBXFileReference; lastKnownFileType = text.plist.xml; path = Info.plist; sourceTree = "<group>"; };
		52ADE829249570B400595A42 /* Neuro PlatformUITests.xctest */ = {isa = PBXFileReference; explicitFileType = wrapper.cfbundle; includeInIndex = 0; path = "Neuro PlatformUITests.xctest"; sourceTree = BUILT_PRODUCTS_DIR; };
		52ADE82D249570B400595A42 /* Neuro_PlatformUITests.swift */ = {isa = PBXFileReference; lastKnownFileType = sourcecode.swift; path = Neuro_PlatformUITests.swift; sourceTree = "<group>"; };
		52ADE82F249570B400595A42 /* Info.plist */ = {isa = PBXFileReference; lastKnownFileType = text.plist.xml; path = Info.plist; sourceTree = "<group>"; };
		52CF3E9324D7610000A36B60 /* MainView.swift */ = {isa = PBXFileReference; lastKnownFileType = sourcecode.swift; path = MainView.swift; sourceTree = "<group>"; };
		9602A3C4265AC469002188E6 /* QuestionsView.swift */ = {isa = PBXFileReference; lastKnownFileType = sourcecode.swift; path = QuestionsView.swift; sourceTree = "<group>"; };
		9602A3C7265AC582002188E6 /* test.swift */ = {isa = PBXFileReference; lastKnownFileType = sourcecode.swift; path = test.swift; sourceTree = "<group>"; };
		9602A3C9265AC685002188E6 /* MultipleChoiceView.swift */ = {isa = PBXFileReference; lastKnownFileType = sourcecode.swift; path = MultipleChoiceView.swift; sourceTree = "<group>"; };
		9656AB4326425BFC00A8A6B3 /* stepinstructions.json */ = {isa = PBXFileReference; lastKnownFileType = text.json; path = stepinstructions.json; sourceTree = "<group>"; };
		966656D32658926000F3E7A4 /* TimerView.swift */ = {isa = PBXFileReference; fileEncoding = 4; lastKnownFileType = sourcecode.swift; path = TimerView.swift; sourceTree = "<group>"; };
		966656D42658926000F3E7A4 /* Distractor1View.swift */ = {isa = PBXFileReference; fileEncoding = 4; lastKnownFileType = sourcecode.swift; path = Distractor1View.swift; sourceTree = "<group>"; };
		966656D52658926000F3E7A4 /* Distractor2View.swift */ = {isa = PBXFileReference; fileEncoding = 4; lastKnownFileType = sourcecode.swift; path = Distractor2View.swift; sourceTree = "<group>"; };
		966656D72658926000F3E7A4 /* Distractor3View.swift */ = {isa = PBXFileReference; fileEncoding = 4; lastKnownFileType = sourcecode.swift; path = Distractor3View.swift; sourceTree = "<group>"; };
		966656DE265893DE00F3E7A4 /* GridView.swift */ = {isa = PBXFileReference; lastKnownFileType = sourcecode.swift; path = GridView.swift; sourceTree = "<group>"; };
		966656E02658941900F3E7A4 /* DistractorAnswers.swift */ = {isa = PBXFileReference; lastKnownFileType = sourcecode.swift; path = DistractorAnswers.swift; sourceTree = "<group>"; };
		96D7D0F12615417E0092E77A /* stepView.swift */ = {isa = PBXFileReference; lastKnownFileType = sourcecode.swift; path = stepView.swift; sourceTree = "<group>"; };
		96D7D0FB261550BE0092E77A /* readData.swift */ = {isa = PBXFileReference; lastKnownFileType = sourcecode.swift; path = readData.swift; sourceTree = "<group>"; };
		96D7D1002615513A0092E77A /* Step.swift */ = {isa = PBXFileReference; lastKnownFileType = sourcecode.swift; path = Step.swift; sourceTree = "<group>"; };
		96FDA7962643A05200184838 /* shapeView.swift */ = {isa = PBXFileReference; lastKnownFileType = sourcecode.swift; path = shapeView.swift; sourceTree = "<group>"; };
		AF07AD1A253B8C8A002C61BB /* HomeView.swift */ = {isa = PBXFileReference; lastKnownFileType = sourcecode.swift; path = HomeView.swift; sourceTree = "<group>"; };
		AF10991725991CDC0076A89E /* Configurations.swift */ = {isa = PBXFileReference; lastKnownFileType = sourcecode.swift; path = Configurations.swift; sourceTree = "<group>"; };
		AF15515324AD44D800162800 /* DataObjects.swift */ = {isa = PBXFileReference; lastKnownFileType = sourcecode.swift; path = DataObjects.swift; sourceTree = "<group>"; };
		AF4CBBCB2544ADF00049C80F /* NewPatientView.swift */ = {isa = PBXFileReference; lastKnownFileType = sourcecode.swift; path = NewPatientView.swift; sourceTree = "<group>"; };
		AF4EE250249BD33A00603E42 /* DrawingPad.swift */ = {isa = PBXFileReference; lastKnownFileType = sourcecode.swift; path = DrawingPad.swift; sourceTree = "<group>"; };
		AF4EE252249BD4F800603E42 /* Drawing.swift */ = {isa = PBXFileReference; lastKnownFileType = sourcecode.swift; path = Drawing.swift; sourceTree = "<group>"; };
		AF57DB31259FB96C005EDAB7 /* TrialsDescription.swift */ = {isa = PBXFileReference; lastKnownFileType = sourcecode.swift; path = TrialsDescription.swift; sourceTree = "<group>"; };
		AF9244D724D4B46B00EEA283 /* FileManagerItemView.swift */ = {isa = PBXFileReference; lastKnownFileType = sourcecode.swift; path = FileManagerItemView.swift; sourceTree = "<group>"; };
		AF94D03524A8112E000EBEF4 /* CustomShapes.swift */ = {isa = PBXFileReference; lastKnownFileType = sourcecode.swift; path = CustomShapes.swift; sourceTree = "<group>"; };
		AFA02B1524CF944C00B74E33 /* FileHelpers.swift */ = {isa = PBXFileReference; lastKnownFileType = sourcecode.swift; path = FileHelpers.swift; sourceTree = "<group>"; };
		AFA45A99249C1120003A6144 /* DrawingView.swift */ = {isa = PBXFileReference; lastKnownFileType = sourcecode.swift; path = DrawingView.swift; sourceTree = "<group>"; wrapsLines = 1; };
		AFAE31D424D38E4400D3A27B /* FileManagerView.swift */ = {isa = PBXFileReference; lastKnownFileType = sourcecode.swift; path = FileManagerView.swift; sourceTree = "<group>"; };
		AFB86AF124DA0CDD007D6329 /* ViewHelpers.swift */ = {isa = PBXFileReference; lastKnownFileType = sourcecode.swift; path = ViewHelpers.swift; sourceTree = "<group>"; };
		AFC37F18251FDB1E00825E5B /* TextFileView.swift */ = {isa = PBXFileReference; lastKnownFileType = sourcecode.swift; path = TextFileView.swift; sourceTree = "<group>"; };
		AFDD0852259AA8B1001AF7DA /* InstructionsView.swift */ = {isa = PBXFileReference; lastKnownFileType = sourcecode.swift; path = InstructionsView.swift; sourceTree = "<group>"; };
		AFDD0857259AAEBA001AF7DA /* AboutAppView.swift */ = {isa = PBXFileReference; lastKnownFileType = sourcecode.swift; path = AboutAppView.swift; sourceTree = "<group>"; };
		AFDFDDBA24BE74EE00EBDCA9 /* TouchCaptureViewController.swift */ = {isa = PBXFileReference; lastKnownFileType = sourcecode.swift; path = TouchCaptureViewController.swift; sourceTree = "<group>"; };
		AFDFDDBB24BE74EE00EBDCA9 /* TouchCaptureViewController.xib */ = {isa = PBXFileReference; lastKnownFileType = file.xib; path = TouchCaptureViewController.xib; sourceTree = "<group>"; };
		AFDFDDBE24BE771200EBDCA9 /* TouchCaptureView.swift */ = {isa = PBXFileReference; lastKnownFileType = sourcecode.swift; path = TouchCaptureView.swift; sourceTree = "<group>"; };
		D8987F172650F10F00080476 /* Override.swift */ = {isa = PBXFileReference; lastKnownFileType = sourcecode.swift; path = Override.swift; sourceTree = "<group>"; };
		D8987F1926548F7D00080476 /* stepInstructionsAlz.json */ = {isa = PBXFileReference; lastKnownFileType = text.json; path = stepInstructionsAlz.json; sourceTree = "<group>"; };
/* End PBXFileReference section */

/* Begin PBXFrameworksBuildPhase section */
		52ADE802249570B200595A42 /* Frameworks */ = {
			isa = PBXFrameworksBuildPhase;
			buildActionMask = 2147483647;
			files = (
			);
			runOnlyForDeploymentPostprocessing = 0;
		};
		52ADE81B249570B400595A42 /* Frameworks */ = {
			isa = PBXFrameworksBuildPhase;
			buildActionMask = 2147483647;
			files = (
			);
			runOnlyForDeploymentPostprocessing = 0;
		};
		52ADE826249570B400595A42 /* Frameworks */ = {
			isa = PBXFrameworksBuildPhase;
			buildActionMask = 2147483647;
			files = (
			);
			runOnlyForDeploymentPostprocessing = 0;
		};
/* End PBXFrameworksBuildPhase section */

/* Begin PBXGroup section */
		52ADE7FC249570B200595A42 = {
			isa = PBXGroup;
			children = (
				52ADE807249570B200595A42 /* Neuro Platform */,
				52ADE821249570B400595A42 /* Neuro PlatformTests */,
				52ADE82C249570B400595A42 /* Neuro PlatformUITests */,
				52ADE806249570B200595A42 /* Products */,
				966656D0265891EB00F3E7A4 /* Recovered References */,
			);
			sourceTree = "<group>";
		};
		52ADE806249570B200595A42 /* Products */ = {
			isa = PBXGroup;
			children = (
				52ADE805249570B200595A42 /* Neuro Platform.app */,
				52ADE81E249570B400595A42 /* Neuro PlatformTests.xctest */,
				52ADE829249570B400595A42 /* Neuro PlatformUITests.xctest */,
			);
			name = Products;
			sourceTree = "<group>";
		};
		52ADE807249570B200595A42 /* Neuro Platform */ = {
			isa = PBXGroup;
			children = (
				9602A3C6265AC4BF002188E6 /* MultipleChoiceViews */,
				966656D12658926000F3E7A4 /* DistractorViews */,
				96D7D108261551410092E77A /* StepViewData */,
				AF4CBBCA2544ADCF0049C80F /* NavigationScreens */,
				52CF3E9224D75FB000A36B60 /* Home */,
				AFAE31D324D388B600D3A27B /* FileSystem */,
				AFA02B1424CF943300B74E33 /* Utility */,
				AF67B8D124C7AA740029291C /* DataStuff */,
				AF67B8D024C7A9FC0029291C /* DrawingStuff */,
				AFDFDDB924BE749100EBDCA9 /* ViewControllers */,
				52ADE808249570B200595A42 /* AppDelegate.swift */,
				52ADE80A249570B200595A42 /* SceneDelegate.swift */,
				52ADE80F249570B200595A42 /* ContentView.swift */,
				52ADE811249570B400595A42 /* Assets.xcassets */,
				52ADE816249570B400595A42 /* LaunchScreen.storyboard */,
				52ADE819249570B400595A42 /* Info.plist */,
				52ADE80C249570B200595A42 /* Neuro_Platform.xcdatamodeld */,
				52ADE813249570B400595A42 /* Preview Content */,
			);
			path = "Neuro Platform";
			sourceTree = "<group>";
		};
		52ADE813249570B400595A42 /* Preview Content */ = {
			isa = PBXGroup;
			children = (
				52ADE814249570B400595A42 /* Preview Assets.xcassets */,
			);
			path = "Preview Content";
			sourceTree = "<group>";
		};
		52ADE821249570B400595A42 /* Neuro PlatformTests */ = {
			isa = PBXGroup;
			children = (
				52ADE822249570B400595A42 /* Neuro_PlatformTests.swift */,
				52ADE824249570B400595A42 /* Info.plist */,
			);
			path = "Neuro PlatformTests";
			sourceTree = "<group>";
		};
		52ADE82C249570B400595A42 /* Neuro PlatformUITests */ = {
			isa = PBXGroup;
			children = (
				52ADE82D249570B400595A42 /* Neuro_PlatformUITests.swift */,
				52ADE82F249570B400595A42 /* Info.plist */,
			);
			path = "Neuro PlatformUITests";
			sourceTree = "<group>";
		};
		52CF3E9224D75FB000A36B60 /* Home */ = {
			isa = PBXGroup;
			children = (
				52CF3E9324D7610000A36B60 /* MainView.swift */,
				AF07AD1A253B8C8A002C61BB /* HomeView.swift */,
			);
			path = Home;
			sourceTree = "<group>";
		};
		9602A3C6265AC4BF002188E6 /* MultipleChoiceViews */ = {
			isa = PBXGroup;
			children = (
				9602A3C7265AC582002188E6 /* test.swift */,
				9602A3C9265AC685002188E6 /* MultipleChoiceView.swift */,
			);
			path = MultipleChoiceViews;
			sourceTree = "<group>";
		};
		966656D0265891EB00F3E7A4 /* Recovered References */ = {
			isa = PBXGroup;
			children = (
			);
			name = "Recovered References";
			sourceTree = "<group>";
		};
		966656D12658926000F3E7A4 /* DistractorViews */ = {
			isa = PBXGroup;
			children = (
				966656D32658926000F3E7A4 /* TimerView.swift */,
				966656D42658926000F3E7A4 /* Distractor1View.swift */,
				966656D52658926000F3E7A4 /* Distractor2View.swift */,
				966656D72658926000F3E7A4 /* Distractor3View.swift */,
				966656DE265893DE00F3E7A4 /* GridView.swift */,
				966656E02658941900F3E7A4 /* DistractorAnswers.swift */,
			);
			path = DistractorViews;
			sourceTree = "<group>";
		};
		96D7D108261551410092E77A /* StepViewData */ = {
			isa = PBXGroup;
			children = (
				96D7D0FB261550BE0092E77A /* readData.swift */,
				96D7D1002615513A0092E77A /* Step.swift */,
				9656AB4326425BFC00A8A6B3 /* stepinstructions.json */,
				D8987F1926548F7D00080476 /* stepInstructionsAlz.json */,
				D8987F172650F10F00080476 /* Override.swift */,
			);
			path = StepViewData;
			sourceTree = "<group>";
		};
		AF4CBBCA2544ADCF0049C80F /* NavigationScreens */ = {
			isa = PBXGroup;
			children = (
				AF4CBBCB2544ADF00049C80F /* NewPatientView.swift */,
				AFDD0852259AA8B1001AF7DA /* InstructionsView.swift */,
				AFDD0857259AAEBA001AF7DA /* AboutAppView.swift */,
				96D7D0F12615417E0092E77A /* stepView.swift */,
				9602A3C4265AC469002188E6 /* QuestionsView.swift */,
			);
			path = NavigationScreens;
			sourceTree = "<group>";
		};
		AF67B8D024C7A9FC0029291C /* DrawingStuff */ = {
			isa = PBXGroup;
			children = (
				AFA45A99249C1120003A6144 /* DrawingView.swift */,
				AF4EE250249BD33A00603E42 /* DrawingPad.swift */,
				AF94D03524A8112E000EBEF4 /* CustomShapes.swift */,
				AF4EE252249BD4F800603E42 /* Drawing.swift */,
				96FDA7962643A05200184838 /* shapeView.swift */,
			);
			path = DrawingStuff;
			sourceTree = "<group>";
		};
		AF67B8D124C7AA740029291C /* DataStuff */ = {
			isa = PBXGroup;
			children = (
				AF15515324AD44D800162800 /* DataObjects.swift */,
			);
			path = DataStuff;
			sourceTree = "<group>";
		};
		AFA02B1424CF943300B74E33 /* Utility */ = {
			isa = PBXGroup;
			children = (
				AFA02B1524CF944C00B74E33 /* FileHelpers.swift */,
				AFB86AF124DA0CDD007D6329 /* ViewHelpers.swift */,
				AF10991725991CDC0076A89E /* Configurations.swift */,
				AF57DB31259FB96C005EDAB7 /* TrialsDescription.swift */,
			);
			path = Utility;
			sourceTree = "<group>";
		};
		AFAE31D324D388B600D3A27B /* FileSystem */ = {
			isa = PBXGroup;
			children = (
				AFAE31D424D38E4400D3A27B /* FileManagerView.swift */,
				AF9244D724D4B46B00EEA283 /* FileManagerItemView.swift */,
				AFC37F18251FDB1E00825E5B /* TextFileView.swift */,
			);
			path = FileSystem;
			sourceTree = "<group>";
		};
		AFDFDDB924BE749100EBDCA9 /* ViewControllers */ = {
			isa = PBXGroup;
			children = (
				AFDFDDBA24BE74EE00EBDCA9 /* TouchCaptureViewController.swift */,
				AFDFDDBB24BE74EE00EBDCA9 /* TouchCaptureViewController.xib */,
				AFDFDDBE24BE771200EBDCA9 /* TouchCaptureView.swift */,
			);
			path = ViewControllers;
			sourceTree = "<group>";
		};
/* End PBXGroup section */

/* Begin PBXNativeTarget section */
		52ADE804249570B200595A42 /* Neuro Platform */ = {
			isa = PBXNativeTarget;
			buildConfigurationList = 52ADE832249570B400595A42 /* Build configuration list for PBXNativeTarget "Neuro Platform" */;
			buildPhases = (
				52ADE801249570B200595A42 /* Sources */,
				52ADE802249570B200595A42 /* Frameworks */,
				52ADE803249570B200595A42 /* Resources */,
			);
			buildRules = (
			);
			dependencies = (
			);
			name = "Neuro Platform";
			productName = "Neuro Platform";
			productReference = 52ADE805249570B200595A42 /* Neuro Platform.app */;
			productType = "com.apple.product-type.application";
		};
		52ADE81D249570B400595A42 /* Neuro PlatformTests */ = {
			isa = PBXNativeTarget;
			buildConfigurationList = 52ADE835249570B400595A42 /* Build configuration list for PBXNativeTarget "Neuro PlatformTests" */;
			buildPhases = (
				52ADE81A249570B400595A42 /* Sources */,
				52ADE81B249570B400595A42 /* Frameworks */,
				52ADE81C249570B400595A42 /* Resources */,
			);
			buildRules = (
			);
			dependencies = (
				52ADE820249570B400595A42 /* PBXTargetDependency */,
			);
			name = "Neuro PlatformTests";
			productName = "Neuro PlatformTests";
			productReference = 52ADE81E249570B400595A42 /* Neuro PlatformTests.xctest */;
			productType = "com.apple.product-type.bundle.unit-test";
		};
		52ADE828249570B400595A42 /* Neuro PlatformUITests */ = {
			isa = PBXNativeTarget;
			buildConfigurationList = 52ADE838249570B400595A42 /* Build configuration list for PBXNativeTarget "Neuro PlatformUITests" */;
			buildPhases = (
				52ADE825249570B400595A42 /* Sources */,
				52ADE826249570B400595A42 /* Frameworks */,
				52ADE827249570B400595A42 /* Resources */,
			);
			buildRules = (
			);
			dependencies = (
				52ADE82B249570B400595A42 /* PBXTargetDependency */,
			);
			name = "Neuro PlatformUITests";
			productName = "Neuro PlatformUITests";
			productReference = 52ADE829249570B400595A42 /* Neuro PlatformUITests.xctest */;
			productType = "com.apple.product-type.bundle.ui-testing";
		};
/* End PBXNativeTarget section */

/* Begin PBXProject section */
		52ADE7FD249570B200595A42 /* Project object */ = {
			isa = PBXProject;
			attributes = {
				LastSwiftUpdateCheck = 1140;
				LastUpgradeCheck = 1220;
				ORGANIZATIONNAME = NDDP;
				TargetAttributes = {
					52ADE804249570B200595A42 = {
						CreatedOnToolsVersion = 11.4.1;
					};
					52ADE81D249570B400595A42 = {
						CreatedOnToolsVersion = 11.4.1;
						TestTargetID = 52ADE804249570B200595A42;
					};
					52ADE828249570B400595A42 = {
						CreatedOnToolsVersion = 11.4.1;
						TestTargetID = 52ADE804249570B200595A42;
					};
				};
			};
			buildConfigurationList = 52ADE800249570B200595A42 /* Build configuration list for PBXProject "Neuro Platform" */;
			compatibilityVersion = "Xcode 9.3";
			developmentRegion = en;
			hasScannedForEncodings = 0;
			knownRegions = (
				en,
				Base,
			);
			mainGroup = 52ADE7FC249570B200595A42;
			productRefGroup = 52ADE806249570B200595A42 /* Products */;
			projectDirPath = "";
			projectRoot = "";
			targets = (
				52ADE804249570B200595A42 /* Neuro Platform */,
				52ADE81D249570B400595A42 /* Neuro PlatformTests */,
				52ADE828249570B400595A42 /* Neuro PlatformUITests */,
			);
		};
/* End PBXProject section */

/* Begin PBXResourcesBuildPhase section */
		52ADE803249570B200595A42 /* Resources */ = {
			isa = PBXResourcesBuildPhase;
			buildActionMask = 2147483647;
			files = (
				52ADE818249570B400595A42 /* LaunchScreen.storyboard in Resources */,
				D8987F1A26548F7D00080476 /* stepInstructionsAlz.json in Resources */,
				52ADE815249570B400595A42 /* Preview Assets.xcassets in Resources */,
				AFDFDDBD24BE74EE00EBDCA9 /* TouchCaptureViewController.xib in Resources */,
				52ADE812249570B400595A42 /* Assets.xcassets in Resources */,
				9656AB4426425BFC00A8A6B3 /* stepinstructions.json in Resources */,
			);
			runOnlyForDeploymentPostprocessing = 0;
		};
		52ADE81C249570B400595A42 /* Resources */ = {
			isa = PBXResourcesBuildPhase;
			buildActionMask = 2147483647;
			files = (
			);
			runOnlyForDeploymentPostprocessing = 0;
		};
		52ADE827249570B400595A42 /* Resources */ = {
			isa = PBXResourcesBuildPhase;
			buildActionMask = 2147483647;
			files = (
			);
			runOnlyForDeploymentPostprocessing = 0;
		};
/* End PBXResourcesBuildPhase section */

/* Begin PBXSourcesBuildPhase section */
		52ADE801249570B200595A42 /* Sources */ = {
			isa = PBXSourcesBuildPhase;
			buildActionMask = 2147483647;
			files = (
				52ADE809249570B200595A42 /* AppDelegate.swift in Sources */,
				AF4EE251249BD33A00603E42 /* DrawingPad.swift in Sources */,
				AFA02B1624CF944C00B74E33 /* FileHelpers.swift in Sources */,
				AFDD0853259AA8B1001AF7DA /* InstructionsView.swift in Sources */,
				AF4EE253249BD4F800603E42 /* Drawing.swift in Sources */,
				966656D92658926000F3E7A4 /* TimerView.swift in Sources */,
				AF15515424AD44D800162800 /* DataObjects.swift in Sources */,
				966656DD2658926000F3E7A4 /* Distractor3View.swift in Sources */,
				9602A3C5265AC469002188E6 /* QuestionsView.swift in Sources */,
				AF10991825991CDC0076A89E /* Configurations.swift in Sources */,
				6C7523F6264E0CBA0047A440 /* DrawingView.swift in Sources */,
				AF94D03624A8112E000EBEF4 /* CustomShapes.swift in Sources */,
				52CF3E9424D7610000A36B60 /* MainView.swift in Sources */,
				9602A3C8265AC582002188E6 /* test.swift in Sources */,
				966656E12658941900F3E7A4 /* DistractorAnswers.swift in Sources */,
				AFAE31D524D38E4400D3A27B /* FileManagerView.swift in Sources */,
				96D7D1012615513A0092E77A /* Step.swift in Sources */,
				AF07AD1B253B8C8A002C61BB /* HomeView.swift in Sources */,
				966656DB2658926000F3E7A4 /* Distractor2View.swift in Sources */,
				AFDD0858259AAEBA001AF7DA /* AboutAppView.swift in Sources */,
				96FDA7972643A05200184838 /* shapeView.swift in Sources */,
				96D7D0FC261550BE0092E77A /* readData.swift in Sources */,
				52ADE80E249570B200595A42 /* Neuro_Platform.xcdatamodeld in Sources */,
				AFB86AF224DA0CDD007D6329 /* ViewHelpers.swift in Sources */,
				AF9244D824D4B46B00EEA283 /* FileManagerItemView.swift in Sources */,
				9602A3CA265AC685002188E6 /* MultipleChoiceView.swift in Sources */,
				96D7D0F22615417E0092E77A /* stepView.swift in Sources */,
				AFDFDDBF24BE771200EBDCA9 /* TouchCaptureView.swift in Sources */,
				AFC37F19251FDB1E00825E5B /* TextFileView.swift in Sources */,
				52ADE810249570B200595A42 /* ContentView.swift in Sources */,
				966656DA2658926000F3E7A4 /* Distractor1View.swift in Sources */,
				AFDFDDBC24BE74EE00EBDCA9 /* TouchCaptureViewController.swift in Sources */,
				D8987F182650F10F00080476 /* Override.swift in Sources */,
				52ADE80B249570B200595A42 /* SceneDelegate.swift in Sources */,
				966656DF265893DE00F3E7A4 /* GridView.swift in Sources */,
				AF4CBBCC2544ADF00049C80F /* NewPatientView.swift in Sources */,
				AF57DB32259FB96C005EDAB7 /* TrialsDescription.swift in Sources */,
			);
			runOnlyForDeploymentPostprocessing = 0;
		};
		52ADE81A249570B400595A42 /* Sources */ = {
			isa = PBXSourcesBuildPhase;
			buildActionMask = 2147483647;
			files = (
				52ADE823249570B400595A42 /* Neuro_PlatformTests.swift in Sources */,
			);
			runOnlyForDeploymentPostprocessing = 0;
		};
		52ADE825249570B400595A42 /* Sources */ = {
			isa = PBXSourcesBuildPhase;
			buildActionMask = 2147483647;
			files = (
				52ADE82E249570B400595A42 /* Neuro_PlatformUITests.swift in Sources */,
			);
			runOnlyForDeploymentPostprocessing = 0;
		};
/* End PBXSourcesBuildPhase section */

/* Begin PBXTargetDependency section */
		52ADE820249570B400595A42 /* PBXTargetDependency */ = {
			isa = PBXTargetDependency;
			target = 52ADE804249570B200595A42 /* Neuro Platform */;
			targetProxy = 52ADE81F249570B400595A42 /* PBXContainerItemProxy */;
		};
		52ADE82B249570B400595A42 /* PBXTargetDependency */ = {
			isa = PBXTargetDependency;
			target = 52ADE804249570B200595A42 /* Neuro Platform */;
			targetProxy = 52ADE82A249570B400595A42 /* PBXContainerItemProxy */;
		};
/* End PBXTargetDependency section */

/* Begin PBXVariantGroup section */
		52ADE816249570B400595A42 /* LaunchScreen.storyboard */ = {
			isa = PBXVariantGroup;
			children = (
				52ADE817249570B400595A42 /* Base */,
			);
			name = LaunchScreen.storyboard;
			sourceTree = "<group>";
		};
/* End PBXVariantGroup section */

/* Begin XCBuildConfiguration section */
		52ADE830249570B400595A42 /* Debug */ = {
			isa = XCBuildConfiguration;
			buildSettings = {
				ALWAYS_SEARCH_USER_PATHS = NO;
				CLANG_ANALYZER_NONNULL = YES;
				CLANG_ANALYZER_NUMBER_OBJECT_CONVERSION = YES_AGGRESSIVE;
				CLANG_CXX_LANGUAGE_STANDARD = "gnu++14";
				CLANG_CXX_LIBRARY = "libc++";
				CLANG_ENABLE_MODULES = YES;
				CLANG_ENABLE_OBJC_ARC = YES;
				CLANG_ENABLE_OBJC_WEAK = YES;
				CLANG_WARN_BLOCK_CAPTURE_AUTORELEASING = YES;
				CLANG_WARN_BOOL_CONVERSION = YES;
				CLANG_WARN_COMMA = YES;
				CLANG_WARN_CONSTANT_CONVERSION = YES;
				CLANG_WARN_DEPRECATED_OBJC_IMPLEMENTATIONS = YES;
				CLANG_WARN_DIRECT_OBJC_ISA_USAGE = YES_ERROR;
				CLANG_WARN_DOCUMENTATION_COMMENTS = YES;
				CLANG_WARN_EMPTY_BODY = YES;
				CLANG_WARN_ENUM_CONVERSION = YES;
				CLANG_WARN_INFINITE_RECURSION = YES;
				CLANG_WARN_INT_CONVERSION = YES;
				CLANG_WARN_NON_LITERAL_NULL_CONVERSION = YES;
				CLANG_WARN_OBJC_IMPLICIT_RETAIN_SELF = YES;
				CLANG_WARN_OBJC_LITERAL_CONVERSION = YES;
				CLANG_WARN_OBJC_ROOT_CLASS = YES_ERROR;
				CLANG_WARN_QUOTED_INCLUDE_IN_FRAMEWORK_HEADER = YES;
				CLANG_WARN_RANGE_LOOP_ANALYSIS = YES;
				CLANG_WARN_STRICT_PROTOTYPES = YES;
				CLANG_WARN_SUSPICIOUS_MOVE = YES;
				CLANG_WARN_UNGUARDED_AVAILABILITY = YES_AGGRESSIVE;
				CLANG_WARN_UNREACHABLE_CODE = YES;
				CLANG_WARN__DUPLICATE_METHOD_MATCH = YES;
				COPY_PHASE_STRIP = NO;
				DEBUG_INFORMATION_FORMAT = dwarf;
				ENABLE_STRICT_OBJC_MSGSEND = YES;
				ENABLE_TESTABILITY = YES;
				GCC_C_LANGUAGE_STANDARD = gnu11;
				GCC_DYNAMIC_NO_PIC = NO;
				GCC_NO_COMMON_BLOCKS = YES;
				GCC_OPTIMIZATION_LEVEL = 0;
				GCC_PREPROCESSOR_DEFINITIONS = (
					"DEBUG=1",
					"$(inherited)",
				);
				GCC_WARN_64_TO_32_BIT_CONVERSION = YES;
				GCC_WARN_ABOUT_RETURN_TYPE = YES_ERROR;
				GCC_WARN_UNDECLARED_SELECTOR = YES;
				GCC_WARN_UNINITIALIZED_AUTOS = YES_AGGRESSIVE;
				GCC_WARN_UNUSED_FUNCTION = YES;
				GCC_WARN_UNUSED_VARIABLE = YES;
				IPHONEOS_DEPLOYMENT_TARGET = 14.0;
				MTL_ENABLE_DEBUG_INFO = INCLUDE_SOURCE;
				MTL_FAST_MATH = YES;
				ONLY_ACTIVE_ARCH = YES;
				SDKROOT = iphoneos;
				SWIFT_ACTIVE_COMPILATION_CONDITIONS = DEBUG;
				SWIFT_OPTIMIZATION_LEVEL = "-Onone";
			};
			name = Debug;
		};
		52ADE831249570B400595A42 /* Release */ = {
			isa = XCBuildConfiguration;
			buildSettings = {
				ALWAYS_SEARCH_USER_PATHS = NO;
				CLANG_ANALYZER_NONNULL = YES;
				CLANG_ANALYZER_NUMBER_OBJECT_CONVERSION = YES_AGGRESSIVE;
				CLANG_CXX_LANGUAGE_STANDARD = "gnu++14";
				CLANG_CXX_LIBRARY = "libc++";
				CLANG_ENABLE_MODULES = YES;
				CLANG_ENABLE_OBJC_ARC = YES;
				CLANG_ENABLE_OBJC_WEAK = YES;
				CLANG_WARN_BLOCK_CAPTURE_AUTORELEASING = YES;
				CLANG_WARN_BOOL_CONVERSION = YES;
				CLANG_WARN_COMMA = YES;
				CLANG_WARN_CONSTANT_CONVERSION = YES;
				CLANG_WARN_DEPRECATED_OBJC_IMPLEMENTATIONS = YES;
				CLANG_WARN_DIRECT_OBJC_ISA_USAGE = YES_ERROR;
				CLANG_WARN_DOCUMENTATION_COMMENTS = YES;
				CLANG_WARN_EMPTY_BODY = YES;
				CLANG_WARN_ENUM_CONVERSION = YES;
				CLANG_WARN_INFINITE_RECURSION = YES;
				CLANG_WARN_INT_CONVERSION = YES;
				CLANG_WARN_NON_LITERAL_NULL_CONVERSION = YES;
				CLANG_WARN_OBJC_IMPLICIT_RETAIN_SELF = YES;
				CLANG_WARN_OBJC_LITERAL_CONVERSION = YES;
				CLANG_WARN_OBJC_ROOT_CLASS = YES_ERROR;
				CLANG_WARN_QUOTED_INCLUDE_IN_FRAMEWORK_HEADER = YES;
				CLANG_WARN_RANGE_LOOP_ANALYSIS = YES;
				CLANG_WARN_STRICT_PROTOTYPES = YES;
				CLANG_WARN_SUSPICIOUS_MOVE = YES;
				CLANG_WARN_UNGUARDED_AVAILABILITY = YES_AGGRESSIVE;
				CLANG_WARN_UNREACHABLE_CODE = YES;
				CLANG_WARN__DUPLICATE_METHOD_MATCH = YES;
				COPY_PHASE_STRIP = NO;
				DEBUG_INFORMATION_FORMAT = "dwarf-with-dsym";
				ENABLE_NS_ASSERTIONS = NO;
				ENABLE_STRICT_OBJC_MSGSEND = YES;
				GCC_C_LANGUAGE_STANDARD = gnu11;
				GCC_NO_COMMON_BLOCKS = YES;
				GCC_WARN_64_TO_32_BIT_CONVERSION = YES;
				GCC_WARN_ABOUT_RETURN_TYPE = YES_ERROR;
				GCC_WARN_UNDECLARED_SELECTOR = YES;
				GCC_WARN_UNINITIALIZED_AUTOS = YES_AGGRESSIVE;
				GCC_WARN_UNUSED_FUNCTION = YES;
				GCC_WARN_UNUSED_VARIABLE = YES;
				IPHONEOS_DEPLOYMENT_TARGET = 14.0;
				MTL_ENABLE_DEBUG_INFO = NO;
				MTL_FAST_MATH = YES;
				SDKROOT = iphoneos;
				SWIFT_COMPILATION_MODE = wholemodule;
				SWIFT_OPTIMIZATION_LEVEL = "-O";
				VALIDATE_PRODUCT = YES;
			};
			name = Release;
		};
		52ADE833249570B400595A42 /* Debug */ = {
			isa = XCBuildConfiguration;
			buildSettings = {
				ASSETCATALOG_COMPILER_APPICON_NAME = AppIcon;
				CODE_SIGN_STYLE = Automatic;
				DEVELOPMENT_ASSET_PATHS = "\"Neuro Platform/Preview Content\"";
				DEVELOPMENT_TEAM = HH5RQC38P4;
				ENABLE_PREVIEWS = YES;
				INFOPLIST_FILE = "Neuro Platform/Info.plist";
				LD_RUNPATH_SEARCH_PATHS = (
					"$(inherited)",
					"@executable_path/Frameworks",
				);
				PRODUCT_BUNDLE_IDENTIFIER = "com.NDDP.Neuro-Platform";
				PRODUCT_NAME = "$(TARGET_NAME)";
				SWIFT_VERSION = 5.0;
				TARGETED_DEVICE_FAMILY = "1,2";
			};
			name = Debug;
		};
		52ADE834249570B400595A42 /* Release */ = {
			isa = XCBuildConfiguration;
			buildSettings = {
				ASSETCATALOG_COMPILER_APPICON_NAME = AppIcon;
				CODE_SIGN_STYLE = Automatic;
				DEVELOPMENT_ASSET_PATHS = "\"Neuro Platform/Preview Content\"";
				DEVELOPMENT_TEAM = HH5RQC38P4;
				ENABLE_PREVIEWS = YES;
				INFOPLIST_FILE = "Neuro Platform/Info.plist";
				LD_RUNPATH_SEARCH_PATHS = (
					"$(inherited)",
					"@executable_path/Frameworks",
				);
				PRODUCT_BUNDLE_IDENTIFIER = "com.NDDP.Neuro-Platform";
				PRODUCT_NAME = "$(TARGET_NAME)";
				SWIFT_VERSION = 5.0;
				TARGETED_DEVICE_FAMILY = "1,2";
			};
			name = Release;
		};
		52ADE836249570B400595A42 /* Debug */ = {
			isa = XCBuildConfiguration;
			buildSettings = {
				ALWAYS_EMBED_SWIFT_STANDARD_LIBRARIES = YES;
				BUNDLE_LOADER = "$(TEST_HOST)";
				CODE_SIGN_STYLE = Automatic;
				DEVELOPMENT_TEAM = HH5RQC38P4;
				INFOPLIST_FILE = "Neuro PlatformTests/Info.plist";
				IPHONEOS_DEPLOYMENT_TARGET = 13.4;
				LD_RUNPATH_SEARCH_PATHS = (
					"$(inherited)",
					"@executable_path/Frameworks",
					"@loader_path/Frameworks",
				);
				PRODUCT_BUNDLE_IDENTIFIER = "com.NDDP.Neuro-PlatformTests";
				PRODUCT_NAME = "$(TARGET_NAME)";
				SWIFT_VERSION = 5.0;
				TARGETED_DEVICE_FAMILY = "1,2";
				TEST_HOST = "$(BUILT_PRODUCTS_DIR)/Neuro Platform.app/Neuro Platform";
			};
			name = Debug;
		};
		52ADE837249570B400595A42 /* Release */ = {
			isa = XCBuildConfiguration;
			buildSettings = {
				ALWAYS_EMBED_SWIFT_STANDARD_LIBRARIES = YES;
				BUNDLE_LOADER = "$(TEST_HOST)";
				CODE_SIGN_STYLE = Automatic;
				DEVELOPMENT_TEAM = HH5RQC38P4;
				INFOPLIST_FILE = "Neuro PlatformTests/Info.plist";
				IPHONEOS_DEPLOYMENT_TARGET = 13.4;
				LD_RUNPATH_SEARCH_PATHS = (
					"$(inherited)",
					"@executable_path/Frameworks",
					"@loader_path/Frameworks",
				);
				PRODUCT_BUNDLE_IDENTIFIER = "com.NDDP.Neuro-PlatformTests";
				PRODUCT_NAME = "$(TARGET_NAME)";
				SWIFT_VERSION = 5.0;
				TARGETED_DEVICE_FAMILY = "1,2";
				TEST_HOST = "$(BUILT_PRODUCTS_DIR)/Neuro Platform.app/Neuro Platform";
			};
			name = Release;
		};
		52ADE839249570B400595A42 /* Debug */ = {
			isa = XCBuildConfiguration;
			buildSettings = {
				ALWAYS_EMBED_SWIFT_STANDARD_LIBRARIES = YES;
				CODE_SIGN_STYLE = Automatic;
				DEVELOPMENT_TEAM = HH5RQC38P4;
				INFOPLIST_FILE = "Neuro PlatformUITests/Info.plist";
				LD_RUNPATH_SEARCH_PATHS = (
					"$(inherited)",
					"@executable_path/Frameworks",
					"@loader_path/Frameworks",
				);
				PRODUCT_BUNDLE_IDENTIFIER = "com.NDDP.Neuro-PlatformUITests";
				PRODUCT_NAME = "$(TARGET_NAME)";
				SWIFT_VERSION = 5.0;
				TARGETED_DEVICE_FAMILY = "1,2";
				TEST_TARGET_NAME = "Neuro Platform";
			};
			name = Debug;
		};
		52ADE83A249570B400595A42 /* Release */ = {
			isa = XCBuildConfiguration;
			buildSettings = {
				ALWAYS_EMBED_SWIFT_STANDARD_LIBRARIES = YES;
				CODE_SIGN_STYLE = Automatic;
				DEVELOPMENT_TEAM = HH5RQC38P4;
				INFOPLIST_FILE = "Neuro PlatformUITests/Info.plist";
				LD_RUNPATH_SEARCH_PATHS = (
					"$(inherited)",
					"@executable_path/Frameworks",
					"@loader_path/Frameworks",
				);
				PRODUCT_BUNDLE_IDENTIFIER = "com.NDDP.Neuro-PlatformUITests";
				PRODUCT_NAME = "$(TARGET_NAME)";
				SWIFT_VERSION = 5.0;
				TARGETED_DEVICE_FAMILY = "1,2";
				TEST_TARGET_NAME = "Neuro Platform";
			};
			name = Release;
		};
/* End XCBuildConfiguration section */

/* Begin XCConfigurationList section */
		52ADE800249570B200595A42 /* Build configuration list for PBXProject "Neuro Platform" */ = {
			isa = XCConfigurationList;
			buildConfigurations = (
				52ADE830249570B400595A42 /* Debug */,
				52ADE831249570B400595A42 /* Release */,
			);
			defaultConfigurationIsVisible = 0;
			defaultConfigurationName = Release;
		};
		52ADE832249570B400595A42 /* Build configuration list for PBXNativeTarget "Neuro Platform" */ = {
			isa = XCConfigurationList;
			buildConfigurations = (
				52ADE833249570B400595A42 /* Debug */,
				52ADE834249570B400595A42 /* Release */,
			);
			defaultConfigurationIsVisible = 0;
			defaultConfigurationName = Release;
		};
		52ADE835249570B400595A42 /* Build configuration list for PBXNativeTarget "Neuro PlatformTests" */ = {
			isa = XCConfigurationList;
			buildConfigurations = (
				52ADE836249570B400595A42 /* Debug */,
				52ADE837249570B400595A42 /* Release */,
			);
			defaultConfigurationIsVisible = 0;
			defaultConfigurationName = Release;
		};
		52ADE838249570B400595A42 /* Build configuration list for PBXNativeTarget "Neuro PlatformUITests" */ = {
			isa = XCConfigurationList;
			buildConfigurations = (
				52ADE839249570B400595A42 /* Debug */,
				52ADE83A249570B400595A42 /* Release */,
			);
			defaultConfigurationIsVisible = 0;
			defaultConfigurationName = Release;
		};
/* End XCConfigurationList section */

/* Begin XCVersionGroup section */
		52ADE80C249570B200595A42 /* Neuro_Platform.xcdatamodeld */ = {
			isa = XCVersionGroup;
			children = (
				52ADE80D249570B200595A42 /* Neuro_Platform.xcdatamodel */,
			);
			currentVersion = 52ADE80D249570B200595A42 /* Neuro_Platform.xcdatamodel */;
			path = Neuro_Platform.xcdatamodeld;
			sourceTree = "<group>";
			versionGroupType = wrapper.xcdatamodel;
		};
/* End XCVersionGroup section */
	};
	rootObject = 52ADE7FD249570B200595A42 /* Project object */;
}
